// !$*UTF8*$!
{
	archiveVersion = 1;
	classes = {
	};
	objectVersion = 46;
	objects = {

/* Begin PBXBuildFile section */
		C525A59F1E960B2900B0551A /* AppDelegate.swift in Sources */ = {isa = PBXBuildFile; fileRef = C525A59E1E960B2900B0551A /* AppDelegate.swift */; };
		C525A5A11E960B2900B0551A /* ViewController.swift in Sources */ = {isa = PBXBuildFile; fileRef = C525A5A01E960B2900B0551A /* ViewController.swift */; };
		C525A5A41E960B2900B0551A /* Main.storyboard in Resources */ = {isa = PBXBuildFile; fileRef = C525A5A21E960B2900B0551A /* Main.storyboard */; };
		C525A5A61E960B2900B0551A /* Assets.xcassets in Resources */ = {isa = PBXBuildFile; fileRef = C525A5A51E960B2900B0551A /* Assets.xcassets */; };
		C525A5A91E960B2900B0551A /* LaunchScreen.storyboard in Resources */ = {isa = PBXBuildFile; fileRef = C525A5A71E960B2900B0551A /* LaunchScreen.storyboard */; };
		C525A5B41E960B2900B0551A /* ImageView01Tests.swift in Sources */ = {isa = PBXBuildFile; fileRef = C525A5B31E960B2900B0551A /* ImageView01Tests.swift */; };
		C525A5BF1E960B2900B0551A /* ImageView01UITests.swift in Sources */ = {isa = PBXBuildFile; fileRef = C525A5BE1E960B2900B0551A /* ImageView01UITests.swift */; };
/* End PBXBuildFile section */

/* Begin PBXContainerItemProxy section */
		C525A5B01E960B2900B0551A /* PBXContainerItemProxy */ = {
			isa = PBXContainerItemProxy;
			containerPortal = C525A5931E960B2900B0551A /* Project object */;
			proxyType = 1;
			remoteGlobalIDString = C525A59A1E960B2900B0551A;
			remoteInfo = ImageView01;
		};
		C525A5BB1E960B2900B0551A /* PBXContainerItemProxy */ = {
			isa = PBXContainerItemProxy;
			containerPortal = C525A5931E960B2900B0551A /* Project object */;
			proxyType = 1;
			remoteGlobalIDString = C525A59A1E960B2900B0551A;
			remoteInfo = ImageView01;
		};
/* End PBXContainerItemProxy section */

/* Begin PBXFileReference section */
		C525A59B1E960B2900B0551A /* ImageView01.app */ = {isa = PBXFileReference; explicitFileType = wrapper.application; includeInIndex = 0; path = ImageView01.app; sourceTree = BUILT_PRODUCTS_DIR; };
		C525A59E1E960B2900B0551A /* AppDelegate.swift */ = {isa = PBXFileReference; lastKnownFileType = sourcecode.swift; path = AppDelegate.swift; sourceTree = "<group>"; };
		C525A5A01E960B2900B0551A /* ViewController.swift */ = {isa = PBXFileReference; lastKnownFileType = sourcecode.swift; path = ViewController.swift; sourceTree = "<group>"; };
		C525A5A31E960B2900B0551A /* Base */ = {isa = PBXFileReference; lastKnownFileType = file.storyboard; name = Base; path = Base.lproj/Main.storyboard; sourceTree = "<group>"; };
		C525A5A51E960B2900B0551A /* Assets.xcassets */ = {isa = PBXFileReference; lastKnownFileType = folder.assetcatalog; path = Assets.xcassets; sourceTree = "<group>"; };
		C525A5A81E960B2900B0551A /* Base */ = {isa = PBXFileReference; lastKnownFileType = file.storyboard; name = Base; path = Base.lproj/LaunchScreen.storyboard; sourceTree = "<group>"; };
		C525A5AA1E960B2900B0551A /* Info.plist */ = {isa = PBXFileReference; lastKnownFileType = text.plist.xml; path = Info.plist; sourceTree = "<group>"; };
		C525A5AF1E960B2900B0551A /* ImageView01Tests.xctest */ = {isa = PBXFileReference; explicitFileType = wrapper.cfbundle; includeInIndex = 0; path = ImageView01Tests.xctest; sourceTree = BUILT_PRODUCTS_DIR; };
		C525A5B31E960B2900B0551A /* ImageView01Tests.swift */ = {isa = PBXFileReference; lastKnownFileType = sourcecode.swift; path = ImageView01Tests.swift; sourceTree = "<group>"; };
		C525A5B51E960B2900B0551A /* Info.plist */ = {isa = PBXFileReference; lastKnownFileType = text.plist.xml; path = Info.plist; sourceTree = "<group>"; };
		C525A5BA1E960B2900B0551A /* ImageView01UITests.xctest */ = {isa = PBXFileReference; explicitFileType = wrapper.cfbundle; includeInIndex = 0; path = ImageView01UITests.xctest; sourceTree = BUILT_PRODUCTS_DIR; };
		C525A5BE1E960B2900B0551A /* ImageView01UITests.swift */ = {isa = PBXFileReference; lastKnownFileType = sourcecode.swift; path = ImageView01UITests.swift; sourceTree = "<group>"; };
		C525A5C01E960B2900B0551A /* Info.plist */ = {isa = PBXFileReference; lastKnownFileType = text.plist.xml; path = Info.plist; sourceTree = "<group>"; };
/* End PBXFileReference section */

/* Begin PBXFrameworksBuildPhase section */
		C525A5981E960B2900B0551A /* Frameworks */ = {
			isa = PBXFrameworksBuildPhase;
			buildActionMask = 2147483647;
			files = (
			);
			runOnlyForDeploymentPostprocessing = 0;
		};
		C525A5AC1E960B2900B0551A /* Frameworks */ = {
			isa = PBXFrameworksBuildPhase;
			buildActionMask = 2147483647;
			files = (
			);
			runOnlyForDeploymentPostprocessing = 0;
		};
		C525A5B71E960B2900B0551A /* Frameworks */ = {
			isa = PBXFrameworksBuildPhase;
			buildActionMask = 2147483647;
			files = (
			);
			runOnlyForDeploymentPostprocessing = 0;
		};
/* End PBXFrameworksBuildPhase section */

/* Begin PBXGroup section */
		C525A5921E960B2900B0551A = {
			isa = PBXGroup;
			children = (
				C525A59D1E960B2900B0551A /* ImageView01 */,
				C525A5B21E960B2900B0551A /* ImageView01Tests */,
				C525A5BD1E960B2900B0551A /* ImageView01UITests */,
				C525A59C1E960B2900B0551A /* Products */,
			);
			sourceTree = "<group>";
		};
		C525A59C1E960B2900B0551A /* Products */ = {
			isa = PBXGroup;
			children = (
				C525A59B1E960B2900B0551A /* ImageView01.app */,
				C525A5AF1E960B2900B0551A /* ImageView01Tests.xctest */,
				C525A5BA1E960B2900B0551A /* ImageView01UITests.xctest */,
			);
			name = Products;
			sourceTree = "<group>";
		};
		C525A59D1E960B2900B0551A /* ImageView01 */ = {
			isa = PBXGroup;
			children = (
				C525A59E1E960B2900B0551A /* AppDelegate.swift */,
				C525A5A01E960B2900B0551A /* ViewController.swift */,
				C525A5A21E960B2900B0551A /* Main.storyboard */,
				C525A5A51E960B2900B0551A /* Assets.xcassets */,
				C525A5A71E960B2900B0551A /* LaunchScreen.storyboard */,
				C525A5AA1E960B2900B0551A /* Info.plist */,
			);
			path = ImageView01;
			sourceTree = "<group>";
		};
		C525A5B21E960B2900B0551A /* ImageView01Tests */ = {
			isa = PBXGroup;
			children = (
				C525A5B31E960B2900B0551A /* ImageView01Tests.swift */,
				C525A5B51E960B2900B0551A /* Info.plist */,
			);
			path = ImageView01Tests;
			sourceTree = "<group>";
		};
		C525A5BD1E960B2900B0551A /* ImageView01UITests */ = {
			isa = PBXGroup;
			children = (
				C525A5BE1E960B2900B0551A /* ImageView01UITests.swift */,
				C525A5C01E960B2900B0551A /* Info.plist */,
			);
			path = ImageView01UITests;
			sourceTree = "<group>";
		};
/* End PBXGroup section */

/* Begin PBXNativeTarget section */
		C525A59A1E960B2900B0551A /* ImageView01 */ = {
			isa = PBXNativeTarget;
			buildConfigurationList = C525A5C31E960B2900B0551A /* Build configuration list for PBXNativeTarget "ImageView01" */;
			buildPhases = (
				C525A5971E960B2900B0551A /* Sources */,
				C525A5981E960B2900B0551A /* Frameworks */,
				C525A5991E960B2900B0551A /* Resources */,
			);
			buildRules = (
			);
			dependencies = (
			);
			name = ImageView01;
			productName = ImageView01;
			productReference = C525A59B1E960B2900B0551A /* ImageView01.app */;
			productType = "com.apple.product-type.application";
		};
		C525A5AE1E960B2900B0551A /* ImageView01Tests */ = {
			isa = PBXNativeTarget;
			buildConfigurationList = C525A5C61E960B2900B0551A /* Build configuration list for PBXNativeTarget "ImageView01Tests" */;
			buildPhases = (
				C525A5AB1E960B2900B0551A /* Sources */,
				C525A5AC1E960B2900B0551A /* Frameworks */,
				C525A5AD1E960B2900B0551A /* Resources */,
			);
			buildRules = (
			);
			dependencies = (
				C525A5B11E960B2900B0551A /* PBXTargetDependency */,
			);
			name = ImageView01Tests;
			productName = ImageView01Tests;
			productReference = C525A5AF1E960B2900B0551A /* ImageView01Tests.xctest */;
			productType = "com.apple.product-type.bundle.unit-test";
		};
		C525A5B91E960B2900B0551A /* ImageView01UITests */ = {
			isa = PBXNativeTarget;
			buildConfigurationList = C525A5C91E960B2900B0551A /* Build configuration list for PBXNativeTarget "ImageView01UITests" */;
			buildPhases = (
				C525A5B61E960B2900B0551A /* Sources */,
				C525A5B71E960B2900B0551A /* Frameworks */,
				C525A5B81E960B2900B0551A /* Resources */,
			);
			buildRules = (
			);
			dependencies = (
				C525A5BC1E960B2900B0551A /* PBXTargetDependency */,
			);
			name = ImageView01UITests;
			productName = ImageView01UITests;
			productReference = C525A5BA1E960B2900B0551A /* ImageView01UITests.xctest */;
			productType = "com.apple.product-type.bundle.ui-testing";
		};
/* End PBXNativeTarget section */

/* Begin PBXProject section */
		C525A5931E960B2900B0551A /* Project object */ = {
			isa = PBXProject;
			attributes = {
				LastSwiftUpdateCheck = 0730;
				LastUpgradeCheck = 0730;
				ORGANIZATIONNAME = VNU;
				TargetAttributes = {
					C525A59A1E960B2900B0551A = {
						CreatedOnToolsVersion = 7.3.1;
					};
					C525A5AE1E960B2900B0551A = {
						CreatedOnToolsVersion = 7.3.1;
						TestTargetID = C525A59A1E960B2900B0551A;
					};
					C525A5B91E960B2900B0551A = {
						CreatedOnToolsVersion = 7.3.1;
						TestTargetID = C525A59A1E960B2900B0551A;
					};
				};
			};
			buildConfigurationList = C525A5961E960B2900B0551A /* Build configuration list for PBXProject "ImageView01" */;
			compatibilityVersion = "Xcode 3.2";
			developmentRegion = English;
			hasScannedForEncodings = 0;
			knownRegions = (
				en,
				Base,
			);
			mainGroup = C525A5921E960B2900B0551A;
			productRefGroup = C525A59C1E960B2900B0551A /* Products */;
			projectDirPath = "";
			projectRoot = "";
			targets = (
				C525A59A1E960B2900B0551A /* ImageView01 */,
				C525A5AE1E960B2900B0551A /* ImageView01Tests */,
				C525A5B91E960B2900B0551A /* ImageView01UITests */,
			);
		};
/* End PBXProject section */

/* Begin PBXResourcesBuildPhase section */
		C525A5991E960B2900B0551A /* Resources */ = {
			isa = PBXResourcesBuildPhase;
			buildActionMask = 2147483647;
			files = (
				C525A5A91E960B2900B0551A /* LaunchScreen.storyboard in Resources */,
				C525A5A61E960B2900B0551A /* Assets.xcassets in Resources */,
				C525A5A41E960B2900B0551A /* Main.storyboard in Resources */,
			);
			runOnlyForDeploymentPostprocessing = 0;
		};
		C525A5AD1E960B2900B0551A /* Resources */ = {
			isa = PBXResourcesBuildPhase;
			buildActionMask = 2147483647;
			files = (
			);
			runOnlyForDeploymentPostprocessing = 0;
		};
		C525A5B81E960B2900B0551A /* Resources */ = {
			isa = PBXResourcesBuildPhase;
			buildActionMask = 2147483647;
			files = (
			);
			runOnlyForDeploymentPostprocessing = 0;
		};
/* End PBXResourcesBuildPhase section */

/* Begin PBXSourcesBuildPhase section */
		C525A5971E960B2900B0551A /* Sources */ = {
			isa = PBXSourcesBuildPhase;
			buildActionMask = 2147483647;
			files = (
				C525A5A11E960B2900B0551A /* ViewController.swift in Sources */,
				C525A59F1E960B2900B0551A /* AppDelegate.swift in Sources */,
			);
			runOnlyForDeploymentPostprocessing = 0;
		};
		C525A5AB1E960B2900B0551A /* Sources */ = {
			isa = PBXSourcesBuildPhase;
			buildActionMask = 2147483647;
			files = (
				C525A5B41E960B2900B0551A /* ImageView01Tests.swift in Sources */,
			);
			runOnlyForDeploymentPostprocessing = 0;
		};
		C525A5B61E960B2900B0551A /* Sources */ = {
			isa = PBXSourcesBuildPhase;
			buildActionMask = 2147483647;
			files = (
				C525A5BF1E960B2900B0551A /* ImageView01UITests.swift in Sources */,
			);
			runOnlyForDeploymentPostprocessing = 0;
		};
/* End PBXSourcesBuildPhase section */

/* Begin PBXTargetDependency section */
		C525A5B11E960B2900B0551A /* PBXTargetDependency */ = {
			isa = PBXTargetDependency;
			target = C525A59A1E960B2900B0551A /* ImageView01 */;
			targetProxy = C525A5B01E960B2900B0551A /* PBXContainerItemProxy */;
		};
		C525A5BC1E960B2900B0551A /* PBXTargetDependency */ = {
			isa = PBXTargetDependency;
			target = C525A59A1E960B2900B0551A /* ImageView01 */;
			targetProxy = C525A5BB1E960B2900B0551A /* PBXContainerItemProxy */;
		};
/* End PBXTargetDependency section */

/* Begin PBXVariantGroup section */
		C525A5A21E960B2900B0551A /* Main.storyboard */ = {
			isa = PBXVariantGroup;
			children = (
				C525A5A31E960B2900B0551A /* Base */,
			);
			name = Main.storyboard;
			sourceTree = "<group>";
		};
		C525A5A71E960B2900B0551A /* LaunchScreen.storyboard */ = {
			isa = PBXVariantGroup;
			children = (
				C525A5A81E960B2900B0551A /* Base */,
			);
			name = LaunchScreen.storyboard;
			sourceTree = "<group>";
		};
/* End PBXVariantGroup section */

/* Begin XCBuildConfiguration section */
		C525A5C11E960B2900B0551A /* Debug */ = {
			isa = XCBuildConfiguration;
			buildSettings = {
				ALWAYS_SEARCH_USER_PATHS = NO;
				CLANG_ANALYZER_NONNULL = YES;
				CLANG_CXX_LANGUAGE_STANDARD = "gnu++0x";
				CLANG_CXX_LIBRARY = "libc++";
				CLANG_ENABLE_MODULES = YES;
				CLANG_ENABLE_OBJC_ARC = YES;
				CLANG_WARN_BOOL_CONVERSION = YES;
				CLANG_WARN_CONSTANT_CONVERSION = YES;
				CLANG_WARN_DIRECT_OBJC_ISA_USAGE = YES_ERROR;
				CLANG_WARN_EMPTY_BODY = YES;
				CLANG_WARN_ENUM_CONVERSION = YES;
				CLANG_WARN_INT_CONVERSION = YES;
				CLANG_WARN_OBJC_ROOT_CLASS = YES_ERROR;
				CLANG_WARN_UNREACHABLE_CODE = YES;
				CLANG_WARN__DUPLICATE_METHOD_MATCH = YES;
				"CODE_SIGN_IDENTITY[sdk=iphoneos*]" = "iPhone Developer";
				COPY_PHASE_STRIP = NO;
				DEBUG_INFORMATION_FORMAT = dwarf;
				ENABLE_STRICT_OBJC_MSGSEND = YES;
				ENABLE_TESTABILITY = YES;
				GCC_C_LANGUAGE_STANDARD = gnu99;
				GCC_DYNAMIC_NO_PIC = NO;
				GCC_NO_COMMON_BLOCKS = YES;
				GCC_OPTIMIZATION_LEVEL = 0;
				GCC_PREPROCESSOR_DEFINITIONS = (
					"DEBUG=1",
					"$(inherited)",
				);
				GCC_WARN_64_TO_32_BIT_CONVERSION = YES;
				GCC_WARN_ABOUT_RETURN_TYPE = YES_ERROR;
				GCC_WARN_UNDECLARED_SELECTOR = YES;
				GCC_WARN_UNINITIALIZED_AUTOS = YES_AGGRESSIVE;
				GCC_WARN_UNUSED_FUNCTION = YES;
				GCC_WARN_UNUSED_VARIABLE = YES;
				IPHONEOS_DEPLOYMENT_TARGET = 9.3;
				MTL_ENABLE_DEBUG_INFO = YES;
				ONLY_ACTIVE_ARCH = YES;
				SDKROOT = iphoneos;
				SWIFT_OPTIMIZATION_LEVEL = "-Onone";
			};
			name = Debug;
		};
		C525A5C21E960B2900B0551A /* Release */ = {
			isa = XCBuildConfiguration;
			buildSettings = {
				ALWAYS_SEARCH_USER_PATHS = NO;
				CLANG_ANALYZER_NONNULL = YES;
				CLANG_CXX_LANGUAGE_STANDARD = "gnu++0x";
				CLANG_CXX_LIBRARY = "libc++";
				CLANG_ENABLE_MODULES = YES;
				CLANG_ENABLE_OBJC_ARC = YES;
				CLANG_WARN_BOOL_CONVERSION = YES;
				CLANG_WARN_CONSTANT_CONVERSION = YES;
				CLANG_WARN_DIRECT_OBJC_ISA_USAGE = YES_ERROR;
				CLANG_WARN_EMPTY_BODY = YES;
				CLANG_WARN_ENUM_CONVERSION = YES;
				CLANG_WARN_INT_CONVERSION = YES;
				CLANG_WARN_OBJC_ROOT_CLASS = YES_ERROR;
				CLANG_WARN_UNREACHABLE_CODE = YES;
				CLANG_WARN__DUPLICATE_METHOD_MATCH = YES;
				"CODE_SIGN_IDENTITY[sdk=iphoneos*]" = "iPhone Developer";
				COPY_PHASE_STRIP = NO;
				DEBUG_INFORMATION_FORMAT = "dwarf-with-dsym";
				ENABLE_NS_ASSERTIONS = NO;
				ENABLE_STRICT_OBJC_MSGSEND = YES;
				GCC_C_LANGUAGE_STANDARD = gnu99;
				GCC_NO_COMMON_BLOCKS = YES;
				GCC_WARN_64_TO_32_BIT_CONVERSION = YES;
				GCC_WARN_ABOUT_RETURN_TYPE = YES_ERROR;
				GCC_WARN_UNDECLARED_SELECTOR = YES;
				GCC_WARN_UNINITIALIZED_AUTOS = YES_AGGRESSIVE;
				GCC_WARN_UNUSED_FUNCTION = YES;
				GCC_WARN_UNUSED_VARIABLE = YES;
				IPHONEOS_DEPLOYMENT_TARGET = 9.3;
				MTL_ENABLE_DEBUG_INFO = NO;
				SDKROOT = iphoneos;
				VALIDATE_PRODUCT = YES;
			};
			name = Release;
		};
		C525A5C41E960B2900B0551A /* Debug */ = {
			isa = XCBuildConfiguration;
			buildSettings = {
				ASSETCATALOG_COMPILER_APPICON_NAME = AppIcon;
				INFOPLIST_FILE = ImageView01/Info.plist;
				LD_RUNPATH_SEARCH_PATHS = "$(inherited) @executable_path/Frameworks";
				PRODUCT_BUNDLE_IDENTIFIER = tw.edu.vnu.ImageView01;
				PRODUCT_NAME = "$(TARGET_NAME)";
			};
			name = Debug;
		};
		C525A5C51E960B2900B0551A /* Release */ = {
			isa = XCBuildConfiguration;
			buildSettings = {
				ASSETCATALOG_COMPILER_APPICON_NAME = AppIcon;
				INFOPLIST_FILE = ImageView01/Info.plist;
				LD_RUNPATH_SEARCH_PATHS = "$(inherited) @executable_path/Frameworks";
				PRODUCT_BUNDLE_IDENTIFIER = tw.edu.vnu.ImageView01;
				PRODUCT_NAME = "$(TARGET_NAME)";
			};
			name = Release;
		};
		C525A5C71E960B2900B0551A /* Debug */ = {
			isa = XCBuildConfiguration;
			buildSettings = {
				BUNDLE_LOADER = "$(TEST_HOST)";
				INFOPLIST_FILE = ImageView01Tests/Info.plist;
				LD_RUNPATH_SEARCH_PATHS = "$(inherited) @executable_path/Frameworks @loader_path/Frameworks";
				PRODUCT_BUNDLE_IDENTIFIER = tw.edu.vnu.ImageView01Tests;
				PRODUCT_NAME = "$(TARGET_NAME)";
				TEST_HOST = "$(BUILT_PRODUCTS_DIR)/ImageView01.app/ImageView01";
			};
			name = Debug;
		};
		C525A5C81E960B2900B0551A /* Release */ = {
			isa = XCBuildConfiguration;
			buildSettings = {
				BUNDLE_LOADER = "$(TEST_HOST)";
				INFOPLIST_FILE = ImageView01Tests/Info.plist;
				LD_RUNPATH_SEARCH_PATHS = "$(inherited) @executable_path/Frameworks @loader_path/Frameworks";
				PRODUCT_BUNDLE_IDENTIFIER = tw.edu.vnu.ImageView01Tests;
				PRODUCT_NAME = "$(TARGET_NAME)";
				TEST_HOST = "$(BUILT_PRODUCTS_DIR)/ImageView01.app/ImageView01";
			};
			name = Release;
		};
		C525A5CA1E960B2900B0551A /* Debug */ = {
			isa = XCBuildConfiguration;
			buildSettings = {
				INFOPLIST_FILE = ImageView01UITests/Info.plist;
				LD_RUNPATH_SEARCH_PATHS = "$(inherited) @executable_path/Frameworks @loader_path/Frameworks";
				PRODUCT_BUNDLE_IDENTIFIER = tw.edu.vnu.ImageView01UITests;
				PRODUCT_NAME = "$(TARGET_NAME)";
				TEST_TARGET_NAME = ImageView01;
			};
			name = Debug;
		};
		C525A5CB1E960B2900B0551A /* Release */ = {
			isa = XCBuildConfiguration;
			buildSettings = {
				INFOPLIST_FILE = ImageView01UITests/Info.plist;
				LD_RUNPATH_SEARCH_PATHS = "$(inherited) @executable_path/Frameworks @loader_path/Frameworks";
				PRODUCT_BUNDLE_IDENTIFIER = tw.edu.vnu.ImageView01UITests;
				PRODUCT_NAME = "$(TARGET_NAME)";
				TEST_TARGET_NAME = ImageView01;
			};
			name = Release;
		};
/* End XCBuildConfiguration section */

/* Begin XCConfigurationList section */
		C525A5961E960B2900B0551A /* Build configuration list for PBXProject "ImageView01" */ = {
			isa = XCConfigurationList;
			buildConfigurations = (
				C525A5C11E960B2900B0551A /* Debug */,
				C525A5C21E960B2900B0551A /* Release */,
			);
			defaultConfigurationIsVisible = 0;
			defaultConfigurationName = Release;
		};
		C525A5C31E960B2900B0551A /* Build configuration list for PBXNativeTarget "ImageView01" */ = {
			isa = XCConfigurationList;
			buildConfigurations = (
				C525A5C41E960B2900B0551A /* Debug */,
				C525A5C51E960B2900B0551A /* Release */,
			);
			defaultConfigurationIsVisible = 0;
		};
		C525A5C61E960B2900B0551A /* Build configuration list for PBXNativeTarget "ImageView01Tests" */ = {
			isa = XCConfigurationList;
			buildConfigurations = (
				C525A5C71E960B2900B0551A /* Debug */,
				C525A5C81E960B2900B0551A /* Release */,
			);
			defaultConfigurationIsVisible = 0;
		};
		C525A5C91E960B2900B0551A /* Build configuration list for PBXNativeTarget "ImageView01UITests" */ = {
			isa = XCConfigurationList;
			buildConfigurations = (
				C525A5CA1E960B2900B0551A /* Debug */,
				C525A5CB1E960B2900B0551A /* Release */,
			);
			defaultConfigurationIsVisible = 0;
		};
/* End XCConfigurationList section */
	};
	rootObject = C525A5931E960B2900B0551A /* Project object */;
}
