// !$*UTF8*$!
{
	archiveVersion = 1;
	classes = {
	};
	objectVersion = 46;
	objects = {

/* Begin PBXBuildFile section */
		9D72027018D1611A000344AD /* Foundation.framework in Frameworks */ = {isa = PBXBuildFile; fileRef = 9D72026F18D1611A000344AD /* Foundation.framework */; };
		9D72027218D1611A000344AD /* CoreGraphics.framework in Frameworks */ = {isa = PBXBuildFile; fileRef = 9D72027118D1611A000344AD /* CoreGraphics.framework */; };
		9D72027418D1611A000344AD /* UIKit.framework in Frameworks */ = {isa = PBXBuildFile; fileRef = 9D72027318D1611A000344AD /* UIKit.framework */; };
		9D72027A18D1611A000344AD /* InfoPlist.strings in Resources */ = {isa = PBXBuildFile; fileRef = 9D72027818D1611A000344AD /* InfoPlist.strings */; };
		9D72027C18D1611A000344AD /* main.m in Sources */ = {isa = PBXBuildFile; fileRef = 9D72027B18D1611A000344AD /* main.m */; };
		9D72028018D1611A000344AD /* AppDelegate.m in Sources */ = {isa = PBXBuildFile; fileRef = 9D72027F18D1611A000344AD /* AppDelegate.m */; };
		9D72028318D1611A000344AD /* Main.storyboard in Resources */ = {isa = PBXBuildFile; fileRef = 9D72028118D1611A000344AD /* Main.storyboard */; };
		9D72028618D1611A000344AD /* ViewController.m in Sources */ = {isa = PBXBuildFile; fileRef = 9D72028518D1611A000344AD /* ViewController.m */; };
		9D72028818D1611A000344AD /* Images.xcassets in Resources */ = {isa = PBXBuildFile; fileRef = 9D72028718D1611A000344AD /* Images.xcassets */; };
		9D72028F18D1611A000344AD /* XCTest.framework in Frameworks */ = {isa = PBXBuildFile; fileRef = 9D72028E18D1611A000344AD /* XCTest.framework */; };
		9D72029018D1611A000344AD /* Foundation.framework in Frameworks */ = {isa = PBXBuildFile; fileRef = 9D72026F18D1611A000344AD /* Foundation.framework */; };
		9D72029118D1611B000344AD /* UIKit.framework in Frameworks */ = {isa = PBXBuildFile; fileRef = 9D72027318D1611A000344AD /* UIKit.framework */; };
		9D72029918D1611B000344AD /* InfoPlist.strings in Resources */ = {isa = PBXBuildFile; fileRef = 9D72029718D1611B000344AD /* InfoPlist.strings */; };
		9D72029B18D1611B000344AD /* SliderDemoTests.m in Sources */ = {isa = PBXBuildFile; fileRef = 9D72029A18D1611B000344AD /* SliderDemoTests.m */; };
/* End PBXBuildFile section */

/* Begin PBXContainerItemProxy section */
		9D72029218D1611B000344AD /* PBXContainerItemProxy */ = {
			isa = PBXContainerItemProxy;
			containerPortal = 9D72026418D1611A000344AD /* Project object */;
			proxyType = 1;
			remoteGlobalIDString = 9D72026B18D1611A000344AD;
			remoteInfo = SliderDemo;
		};
/* End PBXContainerItemProxy section */

/* Begin PBXFileReference section */
		9D72026C18D1611A000344AD /* SliderDemo.app */ = {isa = PBXFileReference; explicitFileType = wrapper.application; includeInIndex = 0; path = SliderDemo.app; sourceTree = BUILT_PRODUCTS_DIR; };
		9D72026F18D1611A000344AD /* Foundation.framework */ = {isa = PBXFileReference; lastKnownFileType = wrapper.framework; name = Foundation.framework; path = System/Library/Frameworks/Foundation.framework; sourceTree = SDKROOT; };
		9D72027118D1611A000344AD /* CoreGraphics.framework */ = {isa = PBXFileReference; lastKnownFileType = wrapper.framework; name = CoreGraphics.framework; path = System/Library/Frameworks/CoreGraphics.framework; sourceTree = SDKROOT; };
		9D72027318D1611A000344AD /* UIKit.framework */ = {isa = PBXFileReference; lastKnownFileType = wrapper.framework; name = UIKit.framework; path = System/Library/Frameworks/UIKit.framework; sourceTree = SDKROOT; };
		9D72027718D1611A000344AD /* SliderDemo-Info.plist */ = {isa = PBXFileReference; lastKnownFileType = text.plist.xml; path = "SliderDemo-Info.plist"; sourceTree = "<group>"; };
		9D72027918D1611A000344AD /* en */ = {isa = PBXFileReference; lastKnownFileType = text.plist.strings; name = en; path = en.lproj/InfoPlist.strings; sourceTree = "<group>"; };
		9D72027B18D1611A000344AD /* main.m */ = {isa = PBXFileReference; lastKnownFileType = sourcecode.c.objc; path = main.m; sourceTree = "<group>"; };
		9D72027D18D1611A000344AD /* SliderDemo-Prefix.pch */ = {isa = PBXFileReference; lastKnownFileType = sourcecode.c.h; path = "SliderDemo-Prefix.pch"; sourceTree = "<group>"; };
		9D72027E18D1611A000344AD /* AppDelegate.h */ = {isa = PBXFileReference; lastKnownFileType = sourcecode.c.h; path = AppDelegate.h; sourceTree = "<group>"; };
		9D72027F18D1611A000344AD /* AppDelegate.m */ = {isa = PBXFileReference; lastKnownFileType = sourcecode.c.objc; path = AppDelegate.m; sourceTree = "<group>"; };
		9D72028218D1611A000344AD /* Base */ = {isa = PBXFileReference; lastKnownFileType = file.storyboard; name = Base; path = Base.lproj/Main.storyboard; sourceTree = "<group>"; };
		9D72028418D1611A000344AD /* ViewController.h */ = {isa = PBXFileReference; lastKnownFileType = sourcecode.c.h; path = ViewController.h; sourceTree = "<group>"; };
		9D72028518D1611A000344AD /* ViewController.m */ = {isa = PBXFileReference; lastKnownFileType = sourcecode.c.objc; path = ViewController.m; sourceTree = "<group>"; };
		9D72028718D1611A000344AD /* Images.xcassets */ = {isa = PBXFileReference; lastKnownFileType = folder.assetcatalog; path = Images.xcassets; sourceTree = "<group>"; };
		9D72028D18D1611A000344AD /* SliderDemoTests.xctest */ = {isa = PBXFileReference; explicitFileType = wrapper.cfbundle; includeInIndex = 0; path = SliderDemoTests.xctest; sourceTree = BUILT_PRODUCTS_DIR; };
		9D72028E18D1611A000344AD /* XCTest.framework */ = {isa = PBXFileReference; lastKnownFileType = wrapper.framework; name = XCTest.framework; path = Library/Frameworks/XCTest.framework; sourceTree = DEVELOPER_DIR; };
		9D72029618D1611B000344AD /* SliderDemoTests-Info.plist */ = {isa = PBXFileReference; lastKnownFileType = text.plist.xml; path = "SliderDemoTests-Info.plist"; sourceTree = "<group>"; };
		9D72029818D1611B000344AD /* en */ = {isa = PBXFileReference; lastKnownFileType = text.plist.strings; name = en; path = en.lproj/InfoPlist.strings; sourceTree = "<group>"; };
		9D72029A18D1611B000344AD /* SliderDemoTests.m */ = {isa = PBXFileReference; lastKnownFileType = sourcecode.c.objc; path = SliderDemoTests.m; sourceTree = "<group>"; };
/* End PBXFileReference section */

/* Begin PBXFrameworksBuildPhase section */
		9D72026918D1611A000344AD /* Frameworks */ = {
			isa = PBXFrameworksBuildPhase;
			buildActionMask = 2147483647;
			files = (
				9D72027218D1611A000344AD /* CoreGraphics.framework in Frameworks */,
				9D72027418D1611A000344AD /* UIKit.framework in Frameworks */,
				9D72027018D1611A000344AD /* Foundation.framework in Frameworks */,
			);
			runOnlyForDeploymentPostprocessing = 0;
		};
		9D72028A18D1611A000344AD /* Frameworks */ = {
			isa = PBXFrameworksBuildPhase;
			buildActionMask = 2147483647;
			files = (
				9D72028F18D1611A000344AD /* XCTest.framework in Frameworks */,
				9D72029118D1611B000344AD /* UIKit.framework in Frameworks */,
				9D72029018D1611A000344AD /* Foundation.framework in Frameworks */,
			);
			runOnlyForDeploymentPostprocessing = 0;
		};
/* End PBXFrameworksBuildPhase section */

/* Begin PBXGroup section */
		9D72026318D1611A000344AD = {
			isa = PBXGroup;
			children = (
				9D72027518D1611A000344AD /* SliderDemo */,
				9D72029418D1611B000344AD /* SliderDemoTests */,
				9D72026E18D1611A000344AD /* Frameworks */,
				9D72026D18D1611A000344AD /* Products */,
			);
			sourceTree = "<group>";
		};
		9D72026D18D1611A000344AD /* Products */ = {
			isa = PBXGroup;
			children = (
				9D72026C18D1611A000344AD /* SliderDemo.app */,
				9D72028D18D1611A000344AD /* SliderDemoTests.xctest */,
			);
			name = Products;
			sourceTree = "<group>";
		};
		9D72026E18D1611A000344AD /* Frameworks */ = {
			isa = PBXGroup;
			children = (
				9D72026F18D1611A000344AD /* Foundation.framework */,
				9D72027118D1611A000344AD /* CoreGraphics.framework */,
				9D72027318D1611A000344AD /* UIKit.framework */,
				9D72028E18D1611A000344AD /* XCTest.framework */,
			);
			name = Frameworks;
			sourceTree = "<group>";
		};
		9D72027518D1611A000344AD /* SliderDemo */ = {
			isa = PBXGroup;
			children = (
				9D72027E18D1611A000344AD /* AppDelegate.h */,
				9D72027F18D1611A000344AD /* AppDelegate.m */,
				9D72028118D1611A000344AD /* Main.storyboard */,
				9D72028418D1611A000344AD /* ViewController.h */,
				9D72028518D1611A000344AD /* ViewController.m */,
				9D72028718D1611A000344AD /* Images.xcassets */,
				9D72027618D1611A000344AD /* Supporting Files */,
			);
			path = SliderDemo;
			sourceTree = "<group>";
		};
		9D72027618D1611A000344AD /* Supporting Files */ = {
			isa = PBXGroup;
			children = (
				9D72027718D1611A000344AD /* SliderDemo-Info.plist */,
				9D72027818D1611A000344AD /* InfoPlist.strings */,
				9D72027B18D1611A000344AD /* main.m */,
				9D72027D18D1611A000344AD /* SliderDemo-Prefix.pch */,
			);
			name = "Supporting Files";
			sourceTree = "<group>";
		};
		9D72029418D1611B000344AD /* SliderDemoTests */ = {
			isa = PBXGroup;
			children = (
				9D72029A18D1611B000344AD /* SliderDemoTests.m */,
				9D72029518D1611B000344AD /* Supporting Files */,
			);
			path = SliderDemoTests;
			sourceTree = "<group>";
		};
		9D72029518D1611B000344AD /* Supporting Files */ = {
			isa = PBXGroup;
			children = (
				9D72029618D1611B000344AD /* SliderDemoTests-Info.plist */,
				9D72029718D1611B000344AD /* InfoPlist.strings */,
			);
			name = "Supporting Files";
			sourceTree = "<group>";
		};
/* End PBXGroup section */

/* Begin PBXNativeTarget section */
		9D72026B18D1611A000344AD /* SliderDemo */ = {
			isa = PBXNativeTarget;
			buildConfigurationList = 9D72029E18D1611B000344AD /* Build configuration list for PBXNativeTarget "SliderDemo" */;
			buildPhases = (
				9D72026818D1611A000344AD /* Sources */,
				9D72026918D1611A000344AD /* Frameworks */,
				9D72026A18D1611A000344AD /* Resources */,
			);
			buildRules = (
			);
			dependencies = (
			);
			name = SliderDemo;
			productName = SliderDemo;
			productReference = 9D72026C18D1611A000344AD /* SliderDemo.app */;
			productType = "com.apple.product-type.application";
		};
		9D72028C18D1611A000344AD /* SliderDemoTests */ = {
			isa = PBXNativeTarget;
			buildConfigurationList = 9D7202A118D1611B000344AD /* Build configuration list for PBXNativeTarget "SliderDemoTests" */;
			buildPhases = (
				9D72028918D1611A000344AD /* Sources */,
				9D72028A18D1611A000344AD /* Frameworks */,
				9D72028B18D1611A000344AD /* Resources */,
			);
			buildRules = (
			);
			dependencies = (
				9D72029318D1611B000344AD /* PBXTargetDependency */,
			);
			name = SliderDemoTests;
			productName = SliderDemoTests;
			productReference = 9D72028D18D1611A000344AD /* SliderDemoTests.xctest */;
			productType = "com.apple.product-type.bundle.unit-test";
		};
/* End PBXNativeTarget section */

/* Begin PBXProject section */
		9D72026418D1611A000344AD /* Project object */ = {
			isa = PBXProject;
			attributes = {
				LastUpgradeCheck = 0500;
				ORGANIZATIONNAME = CSIEVNUT403;
				TargetAttributes = {
					9D72028C18D1611A000344AD = {
						TestTargetID = 9D72026B18D1611A000344AD;
					};
				};
			};
			buildConfigurationList = 9D72026718D1611A000344AD /* Build configuration list for PBXProject "SliderDemo" */;
			compatibilityVersion = "Xcode 3.2";
			developmentRegion = English;
			hasScannedForEncodings = 0;
			knownRegions = (
				en,
				Base,
			);
			mainGroup = 9D72026318D1611A000344AD;
			productRefGroup = 9D72026D18D1611A000344AD /* Products */;
			projectDirPath = "";
			projectRoot = "";
			targets = (
				9D72026B18D1611A000344AD /* SliderDemo */,
				9D72028C18D1611A000344AD /* SliderDemoTests */,
			);
		};
/* End PBXProject section */

/* Begin PBXResourcesBuildPhase section */
		9D72026A18D1611A000344AD /* Resources */ = {
			isa = PBXResourcesBuildPhase;
			buildActionMask = 2147483647;
			files = (
				9D72028818D1611A000344AD /* Images.xcassets in Resources */,
				9D72027A18D1611A000344AD /* InfoPlist.strings in Resources */,
				9D72028318D1611A000344AD /* Main.storyboard in Resources */,
			);
			runOnlyForDeploymentPostprocessing = 0;
		};
		9D72028B18D1611A000344AD /* Resources */ = {
			isa = PBXResourcesBuildPhase;
			buildActionMask = 2147483647;
			files = (
				9D72029918D1611B000344AD /* InfoPlist.strings in Resources */,
			);
			runOnlyForDeploymentPostprocessing = 0;
		};
/* End PBXResourcesBuildPhase section */

/* Begin PBXSourcesBuildPhase section */
		9D72026818D1611A000344AD /* Sources */ = {
			isa = PBXSourcesBuildPhase;
			buildActionMask = 2147483647;
			files = (
				9D72028618D1611A000344AD /* ViewController.m in Sources */,
				9D72028018D1611A000344AD /* AppDelegate.m in Sources */,
				9D72027C18D1611A000344AD /* main.m in Sources */,
			);
			runOnlyForDeploymentPostprocessing = 0;
		};
		9D72028918D1611A000344AD /* Sources */ = {
			isa = PBXSourcesBuildPhase;
			buildActionMask = 2147483647;
			files = (
				9D72029B18D1611B000344AD /* SliderDemoTests.m in Sources */,
			);
			runOnlyForDeploymentPostprocessing = 0;
		};
/* End PBXSourcesBuildPhase section */

/* Begin PBXTargetDependency section */
		9D72029318D1611B000344AD /* PBXTargetDependency */ = {
			isa = PBXTargetDependency;
			target = 9D72026B18D1611A000344AD /* SliderDemo */;
			targetProxy = 9D72029218D1611B000344AD /* PBXContainerItemProxy */;
		};
/* End PBXTargetDependency section */

/* Begin PBXVariantGroup section */
		9D72027818D1611A000344AD /* InfoPlist.strings */ = {
			isa = PBXVariantGroup;
			children = (
				9D72027918D1611A000344AD /* en */,
			);
			name = InfoPlist.strings;
			sourceTree = "<group>";
		};
		9D72028118D1611A000344AD /* Main.storyboard */ = {
			isa = PBXVariantGroup;
			children = (
				9D72028218D1611A000344AD /* Base */,
			);
			name = Main.storyboard;
			sourceTree = "<group>";
		};
		9D72029718D1611B000344AD /* InfoPlist.strings */ = {
			isa = PBXVariantGroup;
			children = (
				9D72029818D1611B000344AD /* en */,
			);
			name = InfoPlist.strings;
			sourceTree = "<group>";
		};
/* End PBXVariantGroup section */

/* Begin XCBuildConfiguration section */
		9D72029C18D1611B000344AD /* Debug */ = {
			isa = XCBuildConfiguration;
			buildSettings = {
				ALWAYS_SEARCH_USER_PATHS = NO;
				ARCHS = "$(ARCHS_STANDARD_INCLUDING_64_BIT)";
				CLANG_CXX_LANGUAGE_STANDARD = "gnu++0x";
				CLANG_CXX_LIBRARY = "libc++";
				CLANG_ENABLE_MODULES = YES;
				CLANG_ENABLE_OBJC_ARC = YES;
				CLANG_WARN_BOOL_CONVERSION = YES;
				CLANG_WARN_CONSTANT_CONVERSION = YES;
				CLANG_WARN_DIRECT_OBJC_ISA_USAGE = YES_ERROR;
				CLANG_WARN_EMPTY_BODY = YES;
				CLANG_WARN_ENUM_CONVERSION = YES;
				CLANG_WARN_INT_CONVERSION = YES;
				CLANG_WARN_OBJC_ROOT_CLASS = YES_ERROR;
				CLANG_WARN__DUPLICATE_METHOD_MATCH = YES;
				"CODE_SIGN_IDENTITY[sdk=iphoneos*]" = "iPhone Developer";
				COPY_PHASE_STRIP = NO;
				GCC_C_LANGUAGE_STANDARD = gnu99;
				GCC_DYNAMIC_NO_PIC = NO;
				GCC_OPTIMIZATION_LEVEL = 0;
				GCC_PREPROCESSOR_DEFINITIONS = (
					"DEBUG=1",
					"$(inherited)",
				);
				GCC_SYMBOLS_PRIVATE_EXTERN = NO;
				GCC_WARN_64_TO_32_BIT_CONVERSION = YES;
				GCC_WARN_ABOUT_RETURN_TYPE = YES_ERROR;
				GCC_WARN_UNDECLARED_SELECTOR = YES;
				GCC_WARN_UNINITIALIZED_AUTOS = YES;
				GCC_WARN_UNUSED_FUNCTION = YES;
				GCC_WARN_UNUSED_VARIABLE = YES;
				IPHONEOS_DEPLOYMENT_TARGET = 7.0;
				ONLY_ACTIVE_ARCH = YES;
				SDKROOT = iphoneos;
			};
			name = Debug;
		};
		9D72029D18D1611B000344AD /* Release */ = {
			isa = XCBuildConfiguration;
			buildSettings = {
				ALWAYS_SEARCH_USER_PATHS = NO;
				ARCHS = "$(ARCHS_STANDARD_INCLUDING_64_BIT)";
				CLANG_CXX_LANGUAGE_STANDARD = "gnu++0x";
				CLANG_CXX_LIBRARY = "libc++";
				CLANG_ENABLE_MODULES = YES;
				CLANG_ENABLE_OBJC_ARC = YES;
				CLANG_WARN_BOOL_CONVERSION = YES;
				CLANG_WARN_CONSTANT_CONVERSION = YES;
				CLANG_WARN_DIRECT_OBJC_ISA_USAGE = YES_ERROR;
				CLANG_WARN_EMPTY_BODY = YES;
				CLANG_WARN_ENUM_CONVERSION = YES;
				CLANG_WARN_INT_CONVERSION = YES;
				CLANG_WARN_OBJC_ROOT_CLASS = YES_ERROR;
				CLANG_WARN__DUPLICATE_METHOD_MATCH = YES;
				"CODE_SIGN_IDENTITY[sdk=iphoneos*]" = "iPhone Developer";
				COPY_PHASE_STRIP = YES;
				ENABLE_NS_ASSERTIONS = NO;
				GCC_C_LANGUAGE_STANDARD = gnu99;
				GCC_WARN_64_TO_32_BIT_CONVERSION = YES;
				GCC_WARN_ABOUT_RETURN_TYPE = YES_ERROR;
				GCC_WARN_UNDECLARED_SELECTOR = YES;
				GCC_WARN_UNINITIALIZED_AUTOS = YES;
				GCC_WARN_UNUSED_FUNCTION = YES;
				GCC_WARN_UNUSED_VARIABLE = YES;
				IPHONEOS_DEPLOYMENT_TARGET = 7.0;
				SDKROOT = iphoneos;
				VALIDATE_PRODUCT = YES;
			};
			name = Release;
		};
		9D72029F18D1611B000344AD /* Debug */ = {
			isa = XCBuildConfiguration;
			buildSettings = {
				ASSETCATALOG_COMPILER_APPICON_NAME = AppIcon;
				ASSETCATALOG_COMPILER_LAUNCHIMAGE_NAME = LaunchImage;
				GCC_PRECOMPILE_PREFIX_HEADER = YES;
				GCC_PREFIX_HEADER = "SliderDemo/SliderDemo-Prefix.pch";
				INFOPLIST_FILE = "SliderDemo/SliderDemo-Info.plist";
				PRODUCT_NAME = "$(TARGET_NAME)";
				WRAPPER_EXTENSION = app;
			};
			name = Debug;
		};
		9D7202A018D1611B000344AD /* Release */ = {
			isa = XCBuildConfiguration;
			buildSettings = {
				ASSETCATALOG_COMPILER_APPICON_NAME = AppIcon;
				ASSETCATALOG_COMPILER_LAUNCHIMAGE_NAME = LaunchImage;
				GCC_PRECOMPILE_PREFIX_HEADER = YES;
				GCC_PREFIX_HEADER = "SliderDemo/SliderDemo-Prefix.pch";
				INFOPLIST_FILE = "SliderDemo/SliderDemo-Info.plist";
				PRODUCT_NAME = "$(TARGET_NAME)";
				WRAPPER_EXTENSION = app;
			};
			name = Release;
		};
		9D7202A218D1611B000344AD /* Debug */ = {
			isa = XCBuildConfiguration;
			buildSettings = {
				ARCHS = "$(ARCHS_STANDARD_INCLUDING_64_BIT)";
				BUNDLE_LOADER = "$(BUILT_PRODUCTS_DIR)/SliderDemo.app/SliderDemo";
				FRAMEWORK_SEARCH_PATHS = (
					"$(SDKROOT)/Developer/Library/Frameworks",
					"$(inherited)",
					"$(DEVELOPER_FRAMEWORKS_DIR)",
				);
				GCC_PRECOMPILE_PREFIX_HEADER = YES;
				GCC_PREFIX_HEADER = "SliderDemo/SliderDemo-Prefix.pch";
				GCC_PREPROCESSOR_DEFINITIONS = (
					"DEBUG=1",
					"$(inherited)",
				);
				INFOPLIST_FILE = "SliderDemoTests/SliderDemoTests-Info.plist";
				PRODUCT_NAME = "$(TARGET_NAME)";
				TEST_HOST = "$(BUNDLE_LOADER)";
				WRAPPER_EXTENSION = xctest;
			};
			name = Debug;
		};
		9D7202A318D1611B000344AD /* Release */ = {
			isa = XCBuildConfiguration;
			buildSettings = {
				ARCHS = "$(ARCHS_STANDARD_INCLUDING_64_BIT)";
				BUNDLE_LOADER = "$(BUILT_PRODUCTS_DIR)/SliderDemo.app/SliderDemo";
				FRAMEWORK_SEARCH_PATHS = (
					"$(SDKROOT)/Developer/Library/Frameworks",
					"$(inherited)",
					"$(DEVELOPER_FRAMEWORKS_DIR)",
				);
				GCC_PRECOMPILE_PREFIX_HEADER = YES;
				GCC_PREFIX_HEADER = "SliderDemo/SliderDemo-Prefix.pch";
				INFOPLIST_FILE = "SliderDemoTests/SliderDemoTests-Info.plist";
				PRODUCT_NAME = "$(TARGET_NAME)";
				TEST_HOST = "$(BUNDLE_LOADER)";
				WRAPPER_EXTENSION = xctest;
			};
			name = Release;
		};
/* End XCBuildConfiguration section */

/* Begin XCConfigurationList section */
		9D72026718D1611A000344AD /* Build configuration list for PBXProject "SliderDemo" */ = {
			isa = XCConfigurationList;
			buildConfigurations = (
				9D72029C18D1611B000344AD /* Debug */,
				9D72029D18D1611B000344AD /* Release */,
			);
			defaultConfigurationIsVisible = 0;
			defaultConfigurationName = Release;
		};
		9D72029E18D1611B000344AD /* Build configuration list for PBXNativeTarget "SliderDemo" */ = {
			isa = XCConfigurationList;
			buildConfigurations = (
				9D72029F18D1611B000344AD /* Debug */,
				9D7202A018D1611B000344AD /* Release */,
			);
			defaultConfigurationIsVisible = 0;
		};
		9D7202A118D1611B000344AD /* Build configuration list for PBXNativeTarget "SliderDemoTests" */ = {
			isa = XCConfigurationList;
			buildConfigurations = (
				9D7202A218D1611B000344AD /* Debug */,
				9D7202A318D1611B000344AD /* Release */,
			);
			defaultConfigurationIsVisible = 0;
		};
/* End XCConfigurationList section */
	};
	rootObject = 9D72026418D1611A000344AD /* Project object */;
}
